# This file is automatically @generated by Cargo.
# It is not intended for manual editing.
version = 4

[[package]]
name = "libc"
version = "0.2.168"
source = "registry+https://github.com/rust-lang/crates.io-index"
checksum = "5aaeb2981e0606ca11d79718f8bb01164f1d6ed75080182d3abf017e6d244b6d"

[[package]]
name = "libm"
version = "0.2.11"
source = "registry+https://github.com/rust-lang/crates.io-index"
checksum = "8355be11b20d696c8f18f6cc018c4e372165b1fa8126cef092399c9951984ffa"

[[package]]
name = "llvm-capi"
version = "0.1.0"
source = "git+https://github.com/lijinpei/llvm-capi-rs.git#fda093f1a6652e312abad37c9ee3b8b27f88d4fb"

[[package]]
name = "mlir-capi"
version = "0.1.0"
source = "git+https://github.com/lijinpei/mlir-capi-rs.git#3d0bd1c3643726b95a2d61cf230d5f0e0e59aaee"
dependencies = [
 "llvm-capi",
]

[[package]]
name = "mlir-ffi-rs"
version = "0.1.0"
dependencies = [
 "libc",
 "libm",
 "llvm-capi",
 "mlir-capi",
]
